
Microsoft Visual Studio Solution File, Format Version 12.00
# Visual Studio Version 17
VisualStudioVersion = 17.14.36511.14
MinimumVisualStudioVersion = 10.0.40219.1
Project("{2150E333-8FDC-42A3-9474-1A3956D46DE8}") = "Elementos de la solución", "Elementos de la solución", "{D107F4C8-89CC-BEA8-D3D7-CA6B7733353D}"
	ProjectSection(SolutionItems) = preProject
		.gitignore = .gitignore
	EndProjectSection
EndProject
Project("{FAE04EC0-301F-11D3-BF4B-00C04F79EFBC}") = "CafeSmartHub.Api", "CafeSmartHub.Api\CafeSmartHub.Api.csproj", "{2A9F2F8F-994C-7EFD-ED59-07B511A6628C}"
EndProject
Project("{FAE04EC0-301F-11D3-BF4B-00C04F79EFBC}") = "CafeSmartHub.Client", "CafeSmartHub.Client\CafeSmartHub.Client.csproj", "{5B3DC5DF-4768-FD24-8929-E5A1CEC342A2}"
EndProject
Global
	GlobalSection(SolutionConfigurationPlatforms) = preSolution
		Debug|Any CPU = Debug|Any CPU
		Release|Any CPU = Release|Any CPU
	EndGlobalSection
	GlobalSection(ProjectConfigurationPlatforms) = postSolution
		{2A9F2F8F-994C-7EFD-ED59-07B511A6628C}.Debug|Any CPU.ActiveCfg = Debug|Any CPU
		{2A9F2F8F-994C-7EFD-ED59-07B511A6628C}.Debug|Any CPU.Build.0 = Debug|Any CPU
		{2A9F2F8F-994C-7EFD-ED59-07B511A6628C}.Release|Any CPU.ActiveCfg = Release|Any CPU
		{2A9F2F8F-994C-7EFD-ED59-07B511A6628C}.Release|Any CPU.Build.0 = Release|Any CPU
		{5B3DC5DF-4768-FD24-8929-E5A1CEC342A2}.Debug|Any CPU.ActiveCfg = Debug|Any CPU
		{5B3DC5DF-4768-FD24-8929-E5A1CEC342A2}.Debug|Any CPU.Build.0 = Debug|Any CPU
		{5B3DC5DF-4768-FD24-8929-E5A1CEC342A2}.Release|Any CPU.ActiveCfg = Release|Any CPU
		{5B3DC5DF-4768-FD24-8929-E5A1CEC342A2}.Release|Any CPU.Build.0 = Release|Any CPU
	EndGlobalSection
	GlobalSection(SolutionProperties) = preSolution
		HideSolutionNode = FALSE
	EndGlobalSection
	GlobalSection(ExtensibilityGlobals) = postSolution
		SolutionGuid = {E5AA3493-B011-4704-841C-EC306727655B}
	EndGlobalSection
EndGlobal
